
Microsoft Visual Studio Solution File, Format Version 12.00
# Visual Studio Version 17
VisualStudioVersion = 17.7.34221.43
MinimumVisualStudioVersion = 10.0.40219.1
Project("{FAE04EC0-301F-11D3-BF4B-00C04F79EFBC}") = "Game", "Game.csproj", "{304A800B-8C29-467A-8179-B3A7E2E9D19B}"
EndProject
Global
	GlobalSection(SolutionConfigurationPlatforms) = preSolution
		Debug|Any CPU = Debug|Any CPU
		Release|Any CPU = Release|Any CPU
	EndGlobalSection
	GlobalSection(ProjectConfigurationPlatforms) = postSolution
		{304A800B-8C29-467A-8179-B3A7E2E9D19B}.Debug|Any CPU.ActiveCfg = Debug|Any CPU
		{304A800B-8C29-467A-8179-B3A7E2E9D19B}.Debug|Any CPU.Build.0 = Debug|Any CPU
		{304A800B-8C29-467A-8179-B3A7E2E9D19B}.Release|Any CPU.ActiveCfg = Debug|Any CPU
		{304A800B-8C29-467A-8179-B3A7E2E9D19B}.Release|Any CPU.Build.0 = Debug|Any CPU
	EndGlobalSection
	GlobalSection(SolutionProperties) = preSolution
		HideSolutionNode = FALSE
	EndGlobalSection
	GlobalSection(ExtensibilityGlobals) = postSolution
		SolutionGuid = {DE6538A8-775F-491B-8DA2-168878A2B7A7}
	EndGlobalSection
EndGlobal
